// !$*UTF8*$!
{
	archiveVersion = 1;
	classes = {
	};
	objectVersion = 46;
	objects = {

/* Begin PBXBuildFile section */
		D417B4841D1BBD14007549F7 /* UserNotifications.framework in Frameworks */ = {isa = PBXBuildFile; fileRef = D417B4831D1BBD14007549F7 /* UserNotifications.framework */; };
		D417B4861D1BBD17007549F7 /* UserNotificationsUI.framework in Frameworks */ = {isa = PBXBuildFile; fileRef = D417B4851D1BBD17007549F7 /* UserNotificationsUI.framework */; };
		D417B4A31D1BE674007549F7 /* NotificationService.swift in Sources */ = {isa = PBXBuildFile; fileRef = D417B4A21D1BE674007549F7 /* NotificationService.swift */; };
		D417B4A71D1BE674007549F7 /* NotificationService.appex in Embed App Extensions */ = {isa = PBXBuildFile; fileRef = D417B4A01D1BE674007549F7 /* NotificationService.appex */; settings = {ATTRIBUTES = (RemoveHeadersOnCopy, ); }; };
		D417B4B11D1BE6B3007549F7 /* UserNotifications.framework in Frameworks */ = {isa = PBXBuildFile; fileRef = D417B4831D1BBD14007549F7 /* UserNotifications.framework */; };
		D417B4B21D1BE6B3007549F7 /* UserNotificationsUI.framework in Frameworks */ = {isa = PBXBuildFile; fileRef = D417B4851D1BBD17007549F7 /* UserNotificationsUI.framework */; };
		D417B4B51D1BE6B3007549F7 /* NotificationViewController.swift in Sources */ = {isa = PBXBuildFile; fileRef = D417B4B41D1BE6B3007549F7 /* NotificationViewController.swift */; };
		D417B4B81D1BE6B3007549F7 /* MainInterface.storyboard in Resources */ = {isa = PBXBuildFile; fileRef = D417B4B61D1BE6B3007549F7 /* MainInterface.storyboard */; };
		D417B4BC1D1BE6B3007549F7 /* NotificationContent.appex in Embed App Extensions */ = {isa = PBXBuildFile; fileRef = D417B4B01D1BE6B3007549F7 /* NotificationContent.appex */; settings = {ATTRIBUTES = (RemoveHeadersOnCopy, ); }; };
		D4428BEA1D20D11300BE2F59 /* Extension.swift in Sources */ = {isa = PBXBuildFile; fileRef = D47CB7C31D1D1079009F71A9 /* Extension.swift */; };
		D47CB7C41D1D1079009F71A9 /* Extension.swift in Sources */ = {isa = PBXBuildFile; fileRef = D47CB7C31D1D1079009F71A9 /* Extension.swift */; };
		D47CB7C51D1D108C009F71A9 /* Extension.swift in Sources */ = {isa = PBXBuildFile; fileRef = D47CB7C31D1D1079009F71A9 /* Extension.swift */; };
		D47CB7C71D1D12B5009F71A9 /* Foundation.framework in Frameworks */ = {isa = PBXBuildFile; fileRef = D47CB7C61D1D12B5009F71A9 /* Foundation.framework */; };
		D4C962CD1D1D081B0029D176 /* cheer.png in Resources */ = {isa = PBXBuildFile; fileRef = D4C962CC1D1D081B0029D176 /* cheer.png */; };
		D4E174CE1D20DBF400BE1362 /* hahaha.gif in Resources */ = {isa = PBXBuildFile; fileRef = D4E174CD1D20DBF400BE1362 /* hahaha.gif */; };
		D4E174D01D211D3F00BE1362 /* cheer.png in Resources */ = {isa = PBXBuildFile; fileRef = D4C962CC1D1D081B0029D176 /* cheer.png */; };
		D4E910711D1B973400620433 /* AppDelegate.swift in Sources */ = {isa = PBXBuildFile; fileRef = D4E910701D1B973400620433 /* AppDelegate.swift */; };
		D4E910731D1B973400620433 /* ViewController.swift in Sources */ = {isa = PBXBuildFile; fileRef = D4E910721D1B973400620433 /* ViewController.swift */; };
		D4E910761D1B973400620433 /* Main.storyboard in Resources */ = {isa = PBXBuildFile; fileRef = D4E910741D1B973400620433 /* Main.storyboard */; };
		D4E910781D1B973400620433 /* Assets.xcassets in Resources */ = {isa = PBXBuildFile; fileRef = D4E910771D1B973400620433 /* Assets.xcassets */; };
		D4E9107B1D1B973400620433 /* LaunchScreen.storyboard in Resources */ = {isa = PBXBuildFile; fileRef = D4E910791D1B973400620433 /* LaunchScreen.storyboard */; };
/* End PBXBuildFile section */

/* Begin PBXContainerItemProxy section */
		D417B4A51D1BE674007549F7 /* PBXContainerItemProxy */ = {
			isa = PBXContainerItemProxy;
			containerPortal = D4E910651D1B973400620433 /* Project object */;
			proxyType = 1;
			remoteGlobalIDString = D417B49F1D1BE674007549F7;
			remoteInfo = NotificationService;
		};
		D417B4BA1D1BE6B3007549F7 /* PBXContainerItemProxy */ = {
			isa = PBXContainerItemProxy;
			containerPortal = D4E910651D1B973400620433 /* Project object */;
			proxyType = 1;
			remoteGlobalIDString = D417B4AF1D1BE6B3007549F7;
			remoteInfo = NotificationContent;
		};
/* End PBXContainerItemProxy section */

/* Begin PBXCopyFilesBuildPhase section */
		D417B4AB1D1BE674007549F7 /* Embed App Extensions */ = {
			isa = PBXCopyFilesBuildPhase;
			buildActionMask = 2147483647;
			dstPath = "";
			dstSubfolderSpec = 13;
			files = (
				D417B4A71D1BE674007549F7 /* NotificationService.appex in Embed App Extensions */,
				D417B4BC1D1BE6B3007549F7 /* NotificationContent.appex in Embed App Extensions */,
			);
			name = "Embed App Extensions";
			runOnlyForDeploymentPostprocessing = 0;
		};
/* End PBXCopyFilesBuildPhase section */

/* Begin PBXFileReference section */
		D417B4831D1BBD14007549F7 /* UserNotifications.framework */ = {isa = PBXFileReference; lastKnownFileType = wrapper.framework; name = UserNotifications.framework; path = System/Library/Frameworks/UserNotifications.framework; sourceTree = SDKROOT; };
		D417B4851D1BBD17007549F7 /* UserNotificationsUI.framework */ = {isa = PBXFileReference; lastKnownFileType = wrapper.framework; name = UserNotificationsUI.framework; path = System/Library/Frameworks/UserNotificationsUI.framework; sourceTree = SDKROOT; };
		D417B4A01D1BE674007549F7 /* NotificationService.appex */ = {isa = PBXFileReference; explicitFileType = "wrapper.app-extension"; includeInIndex = 0; path = NotificationService.appex; sourceTree = BUILT_PRODUCTS_DIR; };
		D417B4A21D1BE674007549F7 /* NotificationService.swift */ = {isa = PBXFileReference; lastKnownFileType = sourcecode.swift; path = NotificationService.swift; sourceTree = "<group>"; };
		D417B4A41D1BE674007549F7 /* Info.plist */ = {isa = PBXFileReference; lastKnownFileType = text.plist.xml; path = Info.plist; sourceTree = "<group>"; };
		D417B4B01D1BE6B3007549F7 /* NotificationContent.appex */ = {isa = PBXFileReference; explicitFileType = "wrapper.app-extension"; includeInIndex = 0; path = NotificationContent.appex; sourceTree = BUILT_PRODUCTS_DIR; };
		D417B4B41D1BE6B3007549F7 /* NotificationViewController.swift */ = {isa = PBXFileReference; lastKnownFileType = sourcecode.swift; path = NotificationViewController.swift; sourceTree = "<group>"; };
		D417B4B71D1BE6B3007549F7 /* Base */ = {isa = PBXFileReference; lastKnownFileType = file.storyboard; name = Base; path = Base.lproj/MainInterface.storyboard; sourceTree = "<group>"; };
		D417B4B91D1BE6B3007549F7 /* Info.plist */ = {isa = PBXFileReference; lastKnownFileType = text.plist.xml; path = Info.plist; sourceTree = "<group>"; };
		D47CB7C31D1D1079009F71A9 /* Extension.swift */ = {isa = PBXFileReference; fileEncoding = 4; lastKnownFileType = sourcecode.swift; path = Extension.swift; sourceTree = "<group>"; };
		D47CB7C61D1D12B5009F71A9 /* Foundation.framework */ = {isa = PBXFileReference; lastKnownFileType = wrapper.framework; name = Foundation.framework; path = System/Library/Frameworks/Foundation.framework; sourceTree = SDKROOT; };
		D4912E361D1BFF5900AC2C7E /* NotificationDemo.entitlements */ = {isa = PBXFileReference; lastKnownFileType = text.xml; path = NotificationDemo.entitlements; sourceTree = "<group>"; };
		D4912E371D1BFF5B00AC2C7E /* NotificationService.entitlements */ = {isa = PBXFileReference; lastKnownFileType = text.xml; path = NotificationService.entitlements; sourceTree = "<group>"; };
		D4912E381D1BFF5E00AC2C7E /* NotificationContent.entitlements */ = {isa = PBXFileReference; lastKnownFileType = text.xml; path = NotificationContent.entitlements; sourceTree = "<group>"; };
		D4C962CC1D1D081B0029D176 /* cheer.png */ = {isa = PBXFileReference; lastKnownFileType = image.png; path = cheer.png; sourceTree = "<group>"; };
		D4E174CD1D20DBF400BE1362 /* hahaha.gif */ = {isa = PBXFileReference; lastKnownFileType = image.gif; path = hahaha.gif; sourceTree = "<group>"; };
		D4E9106D1D1B973400620433 /* NotificationDemo.app */ = {isa = PBXFileReference; explicitFileType = wrapper.application; includeInIndex = 0; path = NotificationDemo.app; sourceTree = BUILT_PRODUCTS_DIR; };
		D4E910701D1B973400620433 /* AppDelegate.swift */ = {isa = PBXFileReference; lastKnownFileType = sourcecode.swift; path = AppDelegate.swift; sourceTree = "<group>"; };
		D4E910721D1B973400620433 /* ViewController.swift */ = {isa = PBXFileReference; lastKnownFileType = sourcecode.swift; path = ViewController.swift; sourceTree = "<group>"; };
		D4E910751D1B973400620433 /* Base */ = {isa = PBXFileReference; lastKnownFileType = file.storyboard; name = Base; path = Base.lproj/Main.storyboard; sourceTree = "<group>"; };
		D4E910771D1B973400620433 /* Assets.xcassets */ = {isa = PBXFileReference; lastKnownFileType = folder.assetcatalog; path = Assets.xcassets; sourceTree = "<group>"; };
		D4E9107A1D1B973400620433 /* Base */ = {isa = PBXFileReference; lastKnownFileType = file.storyboard; name = Base; path = Base.lproj/LaunchScreen.storyboard; sourceTree = "<group>"; };
		D4E9107C1D1B973400620433 /* Info.plist */ = {isa = PBXFileReference; lastKnownFileType = text.plist.xml; path = Info.plist; sourceTree = "<group>"; };
/* End PBXFileReference section */

/* Begin PBXFrameworksBuildPhase section */
		D417B49D1D1BE674007549F7 /* Frameworks */ = {
			isa = PBXFrameworksBuildPhase;
			buildActionMask = 2147483647;
			files = (
			);
			runOnlyForDeploymentPostprocessing = 0;
		};
		D417B4AD1D1BE6B3007549F7 /* Frameworks */ = {
			isa = PBXFrameworksBuildPhase;
			buildActionMask = 2147483647;
			files = (
				D47CB7C71D1D12B5009F71A9 /* Foundation.framework in Frameworks */,
				D417B4B21D1BE6B3007549F7 /* UserNotificationsUI.framework in Frameworks */,
				D417B4B11D1BE6B3007549F7 /* UserNotifications.framework in Frameworks */,
			);
			runOnlyForDeploymentPostprocessing = 0;
		};
		D4E9106A1D1B973400620433 /* Frameworks */ = {
			isa = PBXFrameworksBuildPhase;
			buildActionMask = 2147483647;
			files = (
				D417B4861D1BBD17007549F7 /* UserNotificationsUI.framework in Frameworks */,
				D417B4841D1BBD14007549F7 /* UserNotifications.framework in Frameworks */,
			);
			runOnlyForDeploymentPostprocessing = 0;
		};
/* End PBXFrameworksBuildPhase section */

/* Begin PBXGroup section */
		D417B4821D1BBD13007549F7 /* Frameworks */ = {
			isa = PBXGroup;
			children = (
				D47CB7C61D1D12B5009F71A9 /* Foundation.framework */,
				D417B4831D1BBD14007549F7 /* UserNotifications.framework */,
				D417B4851D1BBD17007549F7 /* UserNotificationsUI.framework */,
			);
			name = Frameworks;
			sourceTree = "<group>";
		};
		D417B4A11D1BE674007549F7 /* NotificationService */ = {
			isa = PBXGroup;
			children = (
				D4912E371D1BFF5B00AC2C7E /* NotificationService.entitlements */,
				D417B4A21D1BE674007549F7 /* NotificationService.swift */,
				D417B4A41D1BE674007549F7 /* Info.plist */,
			);
			path = NotificationService;
			sourceTree = "<group>";
		};
		D417B4B31D1BE6B3007549F7 /* NotificationContent */ = {
			isa = PBXGroup;
			children = (
				D4912E381D1BFF5E00AC2C7E /* NotificationContent.entitlements */,
				D417B4B41D1BE6B3007549F7 /* NotificationViewController.swift */,
				D417B4B61D1BE6B3007549F7 /* MainInterface.storyboard */,
				D417B4B91D1BE6B3007549F7 /* Info.plist */,
			);
			path = NotificationContent;
			sourceTree = "<group>";
		};
		D4E910641D1B973400620433 = {
			isa = PBXGroup;
			children = (
				D4E9106F1D1B973400620433 /* NotificationDemo */,
				D417B4A11D1BE674007549F7 /* NotificationService */,
				D417B4B31D1BE6B3007549F7 /* NotificationContent */,
				D4E9106E1D1B973400620433 /* Products */,
				D417B4821D1BBD13007549F7 /* Frameworks */,
			);
			sourceTree = "<group>";
		};
		D4E9106E1D1B973400620433 /* Products */ = {
			isa = PBXGroup;
			children = (
				D4E9106D1D1B973400620433 /* NotificationDemo.app */,
				D417B4A01D1BE674007549F7 /* NotificationService.appex */,
				D417B4B01D1BE6B3007549F7 /* NotificationContent.appex */,
			);
			name = Products;
			sourceTree = "<group>";
		};
		D4E9106F1D1B973400620433 /* NotificationDemo */ = {
			isa = PBXGroup;
			children = (
				D4912E361D1BFF5900AC2C7E /* NotificationDemo.entitlements */,
				D4C962CC1D1D081B0029D176 /* cheer.png */,
				D4E174CD1D20DBF400BE1362 /* hahaha.gif */,
				D4E910701D1B973400620433 /* AppDelegate.swift */,
				D4E910721D1B973400620433 /* ViewController.swift */,
				D47CB7C31D1D1079009F71A9 /* Extension.swift */,
				D4E910741D1B973400620433 /* Main.storyboard */,
				D4E910771D1B973400620433 /* Assets.xcassets */,
				D4E910791D1B973400620433 /* LaunchScreen.storyboard */,
				D4E9107C1D1B973400620433 /* Info.plist */,
			);
			path = NotificationDemo;
			sourceTree = "<group>";
		};
/* End PBXGroup section */

/* Begin PBXNativeTarget section */
		D417B49F1D1BE674007549F7 /* NotificationService */ = {
			isa = PBXNativeTarget;
			buildConfigurationList = D417B4A81D1BE674007549F7 /* Build configuration list for PBXNativeTarget "NotificationService" */;
			buildPhases = (
				D417B49C1D1BE674007549F7 /* Sources */,
				D417B49D1D1BE674007549F7 /* Frameworks */,
				D417B49E1D1BE674007549F7 /* Resources */,
			);
			buildRules = (
			);
			dependencies = (
			);
			name = NotificationService;
			productName = NotificationService;
			productReference = D417B4A01D1BE674007549F7 /* NotificationService.appex */;
			productType = "com.apple.product-type.app-extension";
		};
		D417B4AF1D1BE6B3007549F7 /* NotificationContent */ = {
			isa = PBXNativeTarget;
			buildConfigurationList = D417B4BD1D1BE6B3007549F7 /* Build configuration list for PBXNativeTarget "NotificationContent" */;
			buildPhases = (
				D417B4AC1D1BE6B3007549F7 /* Sources */,
				D417B4AD1D1BE6B3007549F7 /* Frameworks */,
				D417B4AE1D1BE6B3007549F7 /* Resources */,
			);
			buildRules = (
			);
			dependencies = (
			);
			name = NotificationContent;
			productName = NotificationContent;
			productReference = D417B4B01D1BE6B3007549F7 /* NotificationContent.appex */;
			productType = "com.apple.product-type.app-extension";
		};
		D4E9106C1D1B973400620433 /* NotificationDemo */ = {
			isa = PBXNativeTarget;
			buildConfigurationList = D4E9107F1D1B973400620433 /* Build configuration list for PBXNativeTarget "NotificationDemo" */;
			buildPhases = (
				D4E910691D1B973400620433 /* Sources */,
				D4E9106A1D1B973400620433 /* Frameworks */,
				D4E9106B1D1B973400620433 /* Resources */,
				D417B4AB1D1BE674007549F7 /* Embed App Extensions */,
			);
			buildRules = (
			);
			dependencies = (
				D417B4A61D1BE674007549F7 /* PBXTargetDependency */,
				D417B4BB1D1BE6B3007549F7 /* PBXTargetDependency */,
			);
			name = NotificationDemo;
			productName = NotificationDemo;
			productReference = D4E9106D1D1B973400620433 /* NotificationDemo.app */;
			productType = "com.apple.product-type.application";
		};
/* End PBXNativeTarget section */

/* Begin PBXProject section */
		D4E910651D1B973400620433 /* Project object */ = {
			isa = PBXProject;
			attributes = {
				LastSwiftUpdateCheck = 0800;
				LastUpgradeCheck = 0800;
				ORGANIZATIONNAME = "马权";
				TargetAttributes = {
					D417B49F1D1BE674007549F7 = {
						CreatedOnToolsVersion = 8.0;
						DevelopmentTeam = 326CN7K7KT;
						DevelopmentTeamName = "Zhuhai Kingsoft Office Software Co., Ltd.";
						ProvisioningStyle = Automatic;
						SystemCapabilities = {
							com.apple.ApplicationGroups.iOS = {
								enabled = 0;
							};
							com.apple.Push = {
								enabled = 1;
							};
						};
					};
					D417B4AF1D1BE6B3007549F7 = {
						CreatedOnToolsVersion = 8.0;
						DevelopmentTeam = 326CN7K7KT;
						DevelopmentTeamName = "Zhuhai Kingsoft Office Software Co., Ltd.";
						ProvisioningStyle = Automatic;
						SystemCapabilities = {
							com.apple.ApplicationGroups.iOS = {
								enabled = 0;
							};
							com.apple.Push = {
								enabled = 1;
							};
						};
					};
					D4E9106C1D1B973400620433 = {
						CreatedOnToolsVersion = 8.0;
						DevelopmentTeam = 326CN7K7KT;
						DevelopmentTeamName = "Zhuhai Kingsoft Office Software Co., Ltd.";
						ProvisioningStyle = Automatic;
						SystemCapabilities = {
							com.apple.ApplicationGroups.iOS = {
								enabled = 0;
							};
							com.apple.BackgroundModes = {
								enabled = 1;
							};
							com.apple.Push = {
								enabled = 1;
							};
						};
					};
				};
			};
			buildConfigurationList = D4E910681D1B973400620433 /* Build configuration list for PBXProject "NotificationDemo" */;
			compatibilityVersion = "Xcode 3.2";
			developmentRegion = English;
			hasScannedForEncodings = 0;
			knownRegions = (
				en,
				Base,
			);
			mainGroup = D4E910641D1B973400620433;
			productRefGroup = D4E9106E1D1B973400620433 /* Products */;
			projectDirPath = "";
			projectRoot = "";
			targets = (
				D4E9106C1D1B973400620433 /* NotificationDemo */,
				D417B49F1D1BE674007549F7 /* NotificationService */,
				D417B4AF1D1BE6B3007549F7 /* NotificationContent */,
			);
		};
/* End PBXProject section */

/* Begin PBXResourcesBuildPhase section */
		D417B49E1D1BE674007549F7 /* Resources */ = {
			isa = PBXResourcesBuildPhase;
			buildActionMask = 2147483647;
			files = (
				D4E174D01D211D3F00BE1362 /* cheer.png in Resources */,
			);
			runOnlyForDeploymentPostprocessing = 0;
		};
		D417B4AE1D1BE6B3007549F7 /* Resources */ = {
			isa = PBXResourcesBuildPhase;
			buildActionMask = 2147483647;
			files = (
				D417B4B81D1BE6B3007549F7 /* MainInterface.storyboard in Resources */,
			);
			runOnlyForDeploymentPostprocessing = 0;
		};
		D4E9106B1D1B973400620433 /* Resources */ = {
			isa = PBXResourcesBuildPhase;
			buildActionMask = 2147483647;
			files = (
				D4E9107B1D1B973400620433 /* LaunchScreen.storyboard in Resources */,
				D4E910781D1B973400620433 /* Assets.xcassets in Resources */,
				D4E910761D1B973400620433 /* Main.storyboard in Resources */,
				D4E174CE1D20DBF400BE1362 /* hahaha.gif in Resources */,
				D4C962CD1D1D081B0029D176 /* cheer.png in Resources */,
			);
			runOnlyForDeploymentPostprocessing = 0;
		};
/* End PBXResourcesBuildPhase section */

/* Begin PBXSourcesBuildPhase section */
		D417B49C1D1BE674007549F7 /* Sources */ = {
			isa = PBXSourcesBuildPhase;
			buildActionMask = 2147483647;
			files = (
				D4428BEA1D20D11300BE2F59 /* Extension.swift in Sources */,
				D417B4A31D1BE674007549F7 /* NotificationService.swift in Sources */,
			);
			runOnlyForDeploymentPostprocessing = 0;
		};
		D417B4AC1D1BE6B3007549F7 /* Sources */ = {
			isa = PBXSourcesBuildPhase;
			buildActionMask = 2147483647;
			files = (
				D47CB7C51D1D108C009F71A9 /* Extension.swift in Sources */,
				D417B4B51D1BE6B3007549F7 /* NotificationViewController.swift in Sources */,
			);
			runOnlyForDeploymentPostprocessing = 0;
		};
		D4E910691D1B973400620433 /* Sources */ = {
			isa = PBXSourcesBuildPhase;
			buildActionMask = 2147483647;
			files = (
				D47CB7C41D1D1079009F71A9 /* Extension.swift in Sources */,
				D4E910731D1B973400620433 /* ViewController.swift in Sources */,
				D4E910711D1B973400620433 /* AppDelegate.swift in Sources */,
			);
			runOnlyForDeploymentPostprocessing = 0;
		};
/* End PBXSourcesBuildPhase section */

/* Begin PBXTargetDependency section */
		D417B4A61D1BE674007549F7 /* PBXTargetDependency */ = {
			isa = PBXTargetDependency;
			target = D417B49F1D1BE674007549F7 /* NotificationService */;
			targetProxy = D417B4A51D1BE674007549F7 /* PBXContainerItemProxy */;
		};
		D417B4BB1D1BE6B3007549F7 /* PBXTargetDependency */ = {
			isa = PBXTargetDependency;
			target = D417B4AF1D1BE6B3007549F7 /* NotificationContent */;
			targetProxy = D417B4BA1D1BE6B3007549F7 /* PBXContainerItemProxy */;
		};
/* End PBXTargetDependency section */

/* Begin PBXVariantGroup section */
		D417B4B61D1BE6B3007549F7 /* MainInterface.storyboard */ = {
			isa = PBXVariantGroup;
			children = (
				D417B4B71D1BE6B3007549F7 /* Base */,
			);
			name = MainInterface.storyboard;
			sourceTree = "<group>";
		};
		D4E910741D1B973400620433 /* Main.storyboard */ = {
			isa = PBXVariantGroup;
			children = (
				D4E910751D1B973400620433 /* Base */,
			);
			name = Main.storyboard;
			sourceTree = "<group>";
		};
		D4E910791D1B973400620433 /* LaunchScreen.storyboard */ = {
			isa = PBXVariantGroup;
			children = (
				D4E9107A1D1B973400620433 /* Base */,
			);
			name = LaunchScreen.storyboard;
			sourceTree = "<group>";
		};
/* End PBXVariantGroup section */

/* Begin XCBuildConfiguration section */
		D417B4A91D1BE674007549F7 /* Debug */ = {
			isa = XCBuildConfiguration;
			buildSettings = {
				CODE_SIGN_ENTITLEMENTS = NotificationService/NotificationService.entitlements;
				"CODE_SIGN_IDENTITY[sdk=iphoneos*]" = "iPhone Developer";
				INFOPLIST_FILE = NotificationService/Info.plist;
				LD_RUNPATH_SEARCH_PATHS = "$(inherited) @executable_path/Frameworks @executable_path/../../Frameworks";
				PRODUCT_BUNDLE_IDENTIFIER = com.kingsoft.www.office.wpsemm.NotificationService;
				PRODUCT_NAME = "$(TARGET_NAME)";
				SKIP_INSTALL = YES;
				SWIFT_VERSION = 3.0;
			};
			name = Debug;
		};
		D417B4AA1D1BE674007549F7 /* Release */ = {
			isa = XCBuildConfiguration;
			buildSettings = {
				CODE_SIGN_ENTITLEMENTS = NotificationService/NotificationService.entitlements;
				"CODE_SIGN_IDENTITY[sdk=iphoneos*]" = "iPhone Developer";
				INFOPLIST_FILE = NotificationService/Info.plist;
				LD_RUNPATH_SEARCH_PATHS = "$(inherited) @executable_path/Frameworks @executable_path/../../Frameworks";
				PRODUCT_BUNDLE_IDENTIFIER = com.kingsoft.www.office.wpsemm.NotificationService;
				PRODUCT_NAME = "$(TARGET_NAME)";
				SKIP_INSTALL = YES;
				SWIFT_VERSION = 3.0;
			};
			name = Release;
		};
		D417B4BE1D1BE6B3007549F7 /* Debug */ = {
			isa = XCBuildConfiguration;
			buildSettings = {
				CODE_SIGN_ENTITLEMENTS = NotificationContent/NotificationContent.entitlements;
				"CODE_SIGN_IDENTITY[sdk=iphoneos*]" = "iPhone Developer";
				INFOPLIST_FILE = NotificationContent/Info.plist;
				LD_RUNPATH_SEARCH_PATHS = "$(inherited) @executable_path/Frameworks @executable_path/../../Frameworks";
				PRODUCT_BUNDLE_IDENTIFIER = com.kingsoft.www.office.wpsemm.NotificationContent;
				PRODUCT_NAME = "$(TARGET_NAME)";
				SKIP_INSTALL = YES;
				SWIFT_VERSION = 3.0;
			};
			name = Debug;
		};
		D417B4BF1D1BE6B3007549F7 /* Release */ = {
			isa = XCBuildConfiguration;
			buildSettings = {
				CODE_SIGN_ENTITLEMENTS = NotificationContent/NotificationContent.entitlements;
				"CODE_SIGN_IDENTITY[sdk=iphoneos*]" = "iPhone Developer";
				INFOPLIST_FILE = NotificationContent/Info.plist;
				LD_RUNPATH_SEARCH_PATHS = "$(inherited) @executable_path/Frameworks @executable_path/../../Frameworks";
				PRODUCT_BUNDLE_IDENTIFIER = com.kingsoft.www.office.wpsemm.NotificationContent;
				PRODUCT_NAME = "$(TARGET_NAME)";
				SKIP_INSTALL = YES;
				SWIFT_VERSION = 3.0;
			};
			name = Release;
		};
		D4E9107D1D1B973400620433 /* Debug */ = {
			isa = XCBuildConfiguration;
			buildSettings = {
				ALWAYS_SEARCH_USER_PATHS = NO;
				CLANG_ANALYZER_NONNULL = YES;
				CLANG_CXX_LANGUAGE_STANDARD = "gnu++0x";
				CLANG_CXX_LIBRARY = "libc++";
				CLANG_ENABLE_MODULES = YES;
				CLANG_ENABLE_OBJC_ARC = YES;
				CLANG_WARN_BOOL_CONVERSION = YES;
				CLANG_WARN_CONSTANT_CONVERSION = YES;
				CLANG_WARN_DIRECT_OBJC_ISA_USAGE = YES_ERROR;
				CLANG_WARN_DOCUMENTATION_COMMENTS = YES;
				CLANG_WARN_EMPTY_BODY = YES;
				CLANG_WARN_ENUM_CONVERSION = YES;
				CLANG_WARN_INT_CONVERSION = YES;
				CLANG_WARN_OBJC_ROOT_CLASS = YES_ERROR;
				CLANG_WARN_UNREACHABLE_CODE = YES;
				CLANG_WARN__DUPLICATE_METHOD_MATCH = YES;
				"CODE_SIGN_IDENTITY[sdk=iphoneos*]" = "iPhone Developer";
				COPY_PHASE_STRIP = NO;
				DEBUG_INFORMATION_FORMAT = dwarf;
				ENABLE_STRICT_OBJC_MSGSEND = YES;
				ENABLE_TESTABILITY = YES;
				GCC_C_LANGUAGE_STANDARD = gnu99;
				GCC_DYNAMIC_NO_PIC = NO;
				GCC_NO_COMMON_BLOCKS = YES;
				GCC_OPTIMIZATION_LEVEL = 0;
				GCC_PREPROCESSOR_DEFINITIONS = (
					"DEBUG=1",
					"$(inherited)",
				);
				GCC_WARN_64_TO_32_BIT_CONVERSION = YES;
				GCC_WARN_ABOUT_RETURN_TYPE = YES_ERROR;
				GCC_WARN_UNDECLARED_SELECTOR = YES;
				GCC_WARN_UNINITIALIZED_AUTOS = YES_AGGRESSIVE;
				GCC_WARN_UNUSED_FUNCTION = YES;
				GCC_WARN_UNUSED_VARIABLE = YES;
				IPHONEOS_DEPLOYMENT_TARGET = 10.0;
				MTL_ENABLE_DEBUG_INFO = YES;
				ONLY_ACTIVE_ARCH = YES;
				SDKROOT = iphoneos;
				SWIFT_ACTIVE_COMPILATION_CONDITIONS = DEBUG;
				SWIFT_OPTIMIZATION_LEVEL = "-Onone";
				TARGETED_DEVICE_FAMILY = "1,2";
			};
			name = Debug;
		};
		D4E9107E1D1B973400620433 /* Release */ = {
			isa = XCBuildConfiguration;
			buildSettings = {
				ALWAYS_SEARCH_USER_PATHS = NO;
				CLANG_ANALYZER_NONNULL = YES;
				CLANG_CXX_LANGUAGE_STANDARD = "gnu++0x";
				CLANG_CXX_LIBRARY = "libc++";
				CLANG_ENABLE_MODULES = YES;
				CLANG_ENABLE_OBJC_ARC = YES;
				CLANG_WARN_BOOL_CONVERSION = YES;
				CLANG_WARN_CONSTANT_CONVERSION = YES;
				CLANG_WARN_DIRECT_OBJC_ISA_USAGE = YES_ERROR;
				CLANG_WARN_DOCUMENTATION_COMMENTS = YES;
				CLANG_WARN_EMPTY_BODY = YES;
				CLANG_WARN_ENUM_CONVERSION = YES;
				CLANG_WARN_INT_CONVERSION = YES;
				CLANG_WARN_OBJC_ROOT_CLASS = YES_ERROR;
				CLANG_WARN_UNREACHABLE_CODE = YES;
				CLANG_WARN__DUPLICATE_METHOD_MATCH = YES;
				"CODE_SIGN_IDENTITY[sdk=iphoneos*]" = "iPhone Developer";
				COPY_PHASE_STRIP = NO;
				DEBUG_INFORMATION_FORMAT = "dwarf-with-dsym";
				ENABLE_NS_ASSERTIONS = NO;
				ENABLE_STRICT_OBJC_MSGSEND = YES;
				GCC_C_LANGUAGE_STANDARD = gnu99;
				GCC_NO_COMMON_BLOCKS = YES;
				GCC_WARN_64_TO_32_BIT_CONVERSION = YES;
				GCC_WARN_ABOUT_RETURN_TYPE = YES_ERROR;
				GCC_WARN_UNDECLARED_SELECTOR = YES;
				GCC_WARN_UNINITIALIZED_AUTOS = YES_AGGRESSIVE;
				GCC_WARN_UNUSED_FUNCTION = YES;
				GCC_WARN_UNUSED_VARIABLE = YES;
				IPHONEOS_DEPLOYMENT_TARGET = 10.0;
				MTL_ENABLE_DEBUG_INFO = NO;
				SDKROOT = iphoneos;
				SWIFT_OPTIMIZATION_LEVEL = "-Owholemodule";
				TARGETED_DEVICE_FAMILY = "1,2";
				VALIDATE_PRODUCT = YES;
			};
			name = Release;
		};
		D4E910801D1B973400620433 /* Debug */ = {
			isa = XCBuildConfiguration;
			buildSettings = {
				ALWAYS_EMBED_SWIFT_STANDARD_LIBRARIES = YES;
				ASSETCATALOG_COMPILER_APPICON_NAME = AppIcon;
				CODE_SIGN_ENTITLEMENTS = NotificationDemo/NotificationDemo.entitlements;
				"CODE_SIGN_IDENTITY[sdk=iphoneos*]" = "iPhone Developer";
				INFOPLIST_FILE = NotificationDemo/Info.plist;
				LD_RUNPATH_SEARCH_PATHS = "$(inherited) @executable_path/Frameworks";
				PRODUCT_BUNDLE_IDENTIFIER = com.kingsoft.www.office.wpsemm;
				PRODUCT_NAME = "$(TARGET_NAME)";
				SWIFT_VERSION = 3.0;
			};
			name = Debug;
		};
		D4E910811D1B973400620433 /* Release */ = {
			isa = XCBuildConfiguration;
			buildSettings = {
				ALWAYS_EMBED_SWIFT_STANDARD_LIBRARIES = YES;
				ASSETCATALOG_COMPILER_APPICON_NAME = AppIcon;
				CODE_SIGN_ENTITLEMENTS = NotificationDemo/NotificationDemo.entitlements;
				"CODE_SIGN_IDENTITY[sdk=iphoneos*]" = "iPhone Developer";
				INFOPLIST_FILE = NotificationDemo/Info.plist;
				LD_RUNPATH_SEARCH_PATHS = "$(inherited) @executable_path/Frameworks";
				PRODUCT_BUNDLE_IDENTIFIER = com.kingsoft.www.office.wpsemm;
				PRODUCT_NAME = "$(TARGET_NAME)";
				SWIFT_VERSION = 3.0;
			};
			name = Release;
		};
/* End XCBuildConfiguration section */

/* Begin XCConfigurationList section */
		D417B4A81D1BE674007549F7 /* Build configuration list for PBXNativeTarget "NotificationService" */ = {
			isa = XCConfigurationList;
			buildConfigurations = (
				D417B4A91D1BE674007549F7 /* Debug */,
				D417B4AA1D1BE674007549F7 /* Release */,
			);
			defaultConfigurationIsVisible = 0;
			defaultConfigurationName = Release;
		};
		D417B4BD1D1BE6B3007549F7 /* Build configuration list for PBXNativeTarget "NotificationContent" */ = {
			isa = XCConfigurationList;
			buildConfigurations = (
				D417B4BE1D1BE6B3007549F7 /* Debug */,
				D417B4BF1D1BE6B3007549F7 /* Release */,
			);
			defaultConfigurationIsVisible = 0;
			defaultConfigurationName = Release;
		};
		D4E910681D1B973400620433 /* Build configuration list for PBXProject "NotificationDemo" */ = {
			isa = XCConfigurationList;
			buildConfigurations = (
				D4E9107D1D1B973400620433 /* Debug */,
				D4E9107E1D1B973400620433 /* Release */,
			);
			defaultConfigurationIsVisible = 0;
			defaultConfigurationName = Release;
		};
		D4E9107F1D1B973400620433 /* Build configuration list for PBXNativeTarget "NotificationDemo" */ = {
			isa = XCConfigurationList;
			buildConfigurations = (
				D4E910801D1B973400620433 /* Debug */,
				D4E910811D1B973400620433 /* Release */,
			);
			defaultConfigurationIsVisible = 0;
			defaultConfigurationName = Release;
		};
/* End XCConfigurationList section */
	};
	rootObject = D4E910651D1B973400620433 /* Project object */;
}
